
Microsoft Visual Studio Solution File, Format Version 12.00
# Visual Studio Version 17
VisualStudioVersion = 17.10.35122.118
MinimumVisualStudioVersion = 10.0.40219.1
Project("{FAE04EC0-301F-11D3-BF4B-00C04F79EFBC}") = "WSM.Blazor", "WSM.Blazor\WSM.Blazor.csproj", "{70423E40-86B9-4CF8-B469-C1380D958E99}"
EndProject
Global
	GlobalSection(SolutionConfigurationPlatforms) = preSolution
		Debug|Any CPU = Debug|Any CPU
		Release|Any CPU = Release|Any CPU
	EndGlobalSection
	GlobalSection(ProjectConfigurationPlatforms) = postSolution
		{70423E40-86B9-4CF8-B469-C1380D958E99}.Debug|Any CPU.ActiveCfg = Debug|Any CPU
		{70423E40-86B9-4CF8-B469-C1380D958E99}.Debug|Any CPU.Build.0 = Debug|Any CPU
		{70423E40-86B9-4CF8-B469-C1380D958E99}.Release|Any CPU.ActiveCfg = Release|Any CPU
		{70423E40-86B9-4CF8-B469-C1380D958E99}.Release|Any CPU.Build.0 = Release|Any CPU
	EndGlobalSection
	GlobalSection(SolutionProperties) = preSolution
		HideSolutionNode = FALSE
	EndGlobalSection
	GlobalSection(ExtensibilityGlobals) = postSolution
		SolutionGuid = {E0988FBA-EBAD-4253-8FED-8AB57B3596C9}
	EndGlobalSection
EndGlobal
